{
  "version": 4,
  "terraform_version": "1.2.3",
  "serial": 36,
  "lineage": "40b8170f-a628-f191-3050-338f9bf475bc",
  "outputs": {},
  "resources": [
    {
      "mode": "data",
      "type": "template_file",
      "name": "user_data",
      "provider": "provider[\"registry.terraform.io/hashicorp/template\"]",
      "instances": [
        {
          "schema_version": 0,
          "attributes": {
            "filename": null,
            "id": "024fb1ddeba592bb866176e290c0a0c98b201701dbde6492e55a761b9de3cbb4",
            "rendered": "#cloud-config\nuser:\n    - name: terraform_guest\n    sudo: ALL=(ALL) NOPASSWD:ALL\n    groups: users, admin\n    home: /home/terraform_guest\n    shell: /bin/bash\n    ssh_authorized_keys:\n        - ssh-rsa AAAAB3NzaC1yc2EAAAADAQABAAABgQC96yolnvUtt2RGE9vrP8mWI6me10LIoFCXccrmjHiR0RYpF9GHZRHKqSdwNhCfg3QW1m1K4wMlWKZc4NgtPWUp/TBQRJmfbaUGpSobzMXEdhvxxigbxHnnR+VqXtvE7tGVmyknxmwN7uGrxjoPIzm39B+TIQnSGnXg8koDZeMJYJkY0121AavhA2S9yOG+UvcBdIeCB/bdObaML96bitYRNKeMqPpOAiYojfMLEprLq5L2ZYt7X7nBU6r3AIlREEGlVEjrCHi3JddzpR3XrnzmqGyMi9NcaGZpENR5pe1RRZo0i4vADayUTuoFzuFnWX4p+AzVeGIN2THf4cATyD5tcHZTW4OFf22Gp7sKTCk/2T/g9KQgqD9HDeGQ+SOEhityL2G0cb9b26AYNC5ePntmj2TAuFgGelKeZn55UHBTT6//Kb/EZjIaxkXR9I8bFlR8puHof22t2ONWHlkNOrXcSmDthAToOFKdXJFnS1hnQjJndMlb+T+taylbybg3hz0= juamsv@garuda-ti\n\n\npackages:\n    - qemu-guest-agent\n    - git",
            "template": "#cloud-config\nuser:\n    - name: terraform_guest\n    sudo: ALL=(ALL) NOPASSWD:ALL\n    groups: users, admin\n    home: /home/terraform_guest\n    shell: /bin/bash\n    ssh_authorized_keys:\n        - ${file(\"~/.ssh/id_rsa.pub\")}\n\npackages:\n    - qemu-guest-agent\n    - git",
            "vars": null
          },
          "sensitive_attributes": []
        }
      ]
    },
    {
      "mode": "managed",
      "type": "libvirt_cloudinit_disk",
      "name": "commoninit",
      "provider": "provider[\"registry.terraform.io/dmacvicar/libvirt\"]",
      "instances": [
        {
          "schema_version": 0,
          "attributes": {
            "id": "/home/juamsv/boilerplates/Terraform/kvm_projects/libvirt_images/ubuntu-pool/commominit.iso;5f8a62ea-7a69-48bc-8694-a999583ebd58",
            "meta_data": "",
            "name": "commominit.iso",
            "network_config": "",
            "pool": "ubuntu-pool",
            "user_data": "#cloud-config\nuser:\n    - name: terraform_guest\n    sudo: ALL=(ALL) NOPASSWD:ALL\n    groups: users, admin\n    home: /home/terraform_guest\n    shell: /bin/bash\n    ssh_authorized_keys:\n        - ssh-rsa AAAAB3NzaC1yc2EAAAADAQABAAABgQC96yolnvUtt2RGE9vrP8mWI6me10LIoFCXccrmjHiR0RYpF9GHZRHKqSdwNhCfg3QW1m1K4wMlWKZc4NgtPWUp/TBQRJmfbaUGpSobzMXEdhvxxigbxHnnR+VqXtvE7tGVmyknxmwN7uGrxjoPIzm39B+TIQnSGnXg8koDZeMJYJkY0121AavhA2S9yOG+UvcBdIeCB/bdObaML96bitYRNKeMqPpOAiYojfMLEprLq5L2ZYt7X7nBU6r3AIlREEGlVEjrCHi3JddzpR3XrnzmqGyMi9NcaGZpENR5pe1RRZo0i4vADayUTuoFzuFnWX4p+AzVeGIN2THf4cATyD5tcHZTW4OFf22Gp7sKTCk/2T/g9KQgqD9HDeGQ+SOEhityL2G0cb9b26AYNC5ePntmj2TAuFgGelKeZn55UHBTT6//Kb/EZjIaxkXR9I8bFlR8puHof22t2ONWHlkNOrXcSmDthAToOFKdXJFnS1hnQjJndMlb+T+taylbybg3hz0= juamsv@garuda-ti\n\n\npackages:\n    - qemu-guest-agent\n    - git"
          },
          "sensitive_attributes": [],
          "private": "bnVsbA==",
          "dependencies": [
            "data.template_file.user_data",
            "libvirt_pool.ubuntu"
          ]
        }
      ]
    },
    {
      "mode": "managed",
      "type": "libvirt_pool",
      "name": "ubuntu",
      "provider": "provider[\"registry.terraform.io/dmacvicar/libvirt\"]",
      "instances": [
        {
          "schema_version": 0,
          "attributes": {
            "allocation": 107404042240,
            "available": null,
            "capacity": 242018136064,
            "id": "af5f2f05-cb9d-433e-881d-ceb21283a91a",
            "name": "ubuntu-pool",
            "path": "/home/juamsv/boilerplates/Terraform/kvm_projects/libvirt_images/ubuntu-pool",
            "type": "dir",
            "xml": []
          },
          "sensitive_attributes": [],
          "private": "bnVsbA=="
        }
      ]
    },
    {
      "mode": "managed",
      "type": "libvirt_volume",
      "name": "imagem-qcow2",
      "provider": "provider[\"registry.terraform.io/dmacvicar/libvirt\"]",
      "instances": [
        {
          "schema_version": 0,
          "attributes": {
            "base_volume_id": null,
            "base_volume_name": null,
            "base_volume_pool": null,
            "format": "qcow2",
            "id": "/home/juamsv/boilerplates/Terraform/kvm_projects/libvirt_images/ubuntu-pool/ubuntu-amd64.qcow2",
            "name": "ubuntu-amd64.qcow2",
            "pool": "ubuntu-pool",
            "size": 2361393152,
            "source": "./downloads/jammy-server-cloudimg-amd64-disk-kvm.img",
            "xml": []
          },
          "sensitive_attributes": [],
          "private": "bnVsbA==",
          "dependencies": [
            "libvirt_pool.ubuntu"
          ]
        }
      ]
    }
  ]
}
